# THIS IS AN AUTOGENERATED FILE. DO NOT EDIT THIS FILE DIRECTLY.
# yarn lockfile v1


"@zondax/fvm-as-sdk@^0.1.5":
  version "0.1.5"
  resolved "https://verdaccio.zondax.net/@zondax%2ffvm-as-sdk/-/fvm-as-sdk-0.1.5.tgz#2e22c9d87f629fcb1e3f5b2f9d16b5ebee0d1d68"
  integrity sha512-AvVgzPInnIBj2a8czrHLLqYZ/63hOLR+13FKYJFUwMPNyffXs99BwxM9qRSs8tXJCNwUPN3jPkXOCwApj8TeFg==

assemblyscript@^0.20.7:
  version "0.20.7"
  resolved "https://registry.yarnpkg.com/assemblyscript/-/assemblyscript-0.20.7.tgz#51a1a723adf3f0eee2f851c551c965cfa54b9770"
  integrity sha512-qRQGBsNIvJJVthMNfLF5+N6ly+11sQPH4jCmv55oaOW1IcwMbsrXZLeQ4dfop7HOsgEJZmKLV44N4FXlZYV2Xg==
  dependencies:
    binaryen "108.0.0-nightly.20220528"
    long "^5.2.0"

binaryen@108.0.0-nightly.20220528:
  version "108.0.0-nightly.20220528"
  resolved "https://registry.yarnpkg.com/binaryen/-/binaryen-108.0.0-nightly.20220528.tgz#55e50ec50dc3cded36ad02e68ec69eb69bbb1e7b"
  integrity sha512-9biG357fx3NXmJNotIuY9agZBcCNHP7d1mgOGaTlPYVHZE7/61lt1IyHCXAL+W5jUOYgmFZ260PR4IbD19RKuA==

long@^5.2.0:
  version "5.2.0"
  resolved "https://registry.yarnpkg.com/long/-/long-5.2.0.tgz#2696dadf4b4da2ce3f6f6b89186085d94d52fd61"
  integrity sha512-9RTUNjK60eJbx3uz+TEGF7fUr29ZDxR5QzXcyDpeSfeH28S9ycINflOgOlppit5U+4kNTe83KQnMEerw7GmE8w==
